// !$*UTF8*$!
{
	archiveVersion = 1;
	classes = {
	};
	objectVersion = 46;
	objects = {

/* Begin PBXBuildFile section */
		38728A6C1D0CC498001AFEBA /* AppDelegate.swift in Sources */ = {isa = PBXBuildFile; fileRef = 38728A6B1D0CC498001AFEBA /* AppDelegate.swift */; };
		38728A6E1D0CC498001AFEBA /* ViewController.swift in Sources */ = {isa = PBXBuildFile; fileRef = 38728A6D1D0CC498001AFEBA /* ViewController.swift */; };
		38728A711D0CC498001AFEBA /* Main.storyboard in Resources */ = {isa = PBXBuildFile; fileRef = 38728A6F1D0CC498001AFEBA /* Main.storyboard */; };
		38728A731D0CC498001AFEBA /* Assets.xcassets in Resources */ = {isa = PBXBuildFile; fileRef = 38728A721D0CC498001AFEBA /* Assets.xcassets */; };
		38728A761D0CC498001AFEBA /* LaunchScreen.storyboard in Resources */ = {isa = PBXBuildFile; fileRef = 38728A741D0CC498001AFEBA /* LaunchScreen.storyboard */; };
		38728A811D0CC498001AFEBA /* JKProgressPercentageCounterTests.swift in Sources */ = {isa = PBXBuildFile; fileRef = 38728A801D0CC498001AFEBA /* JKProgressPercentageCounterTests.swift */; };
		38728A8D1D0CC4CD001AFEBA /* JKProgressPercentageCounterView.swift in Sources */ = {isa = PBXBuildFile; fileRef = 38728A8C1D0CC4CD001AFEBA /* JKProgressPercentageCounterView.swift */; };
		38728A8F1D0CC56F001AFEBA /* JKProgressPercentageEnums.swift in Sources */ = {isa = PBXBuildFile; fileRef = 38728A8E1D0CC56F001AFEBA /* JKProgressPercentageEnums.swift */; };
/* End PBXBuildFile section */

/* Begin PBXContainerItemProxy section */
		38728A7D1D0CC498001AFEBA /* PBXContainerItemProxy */ = {
			isa = PBXContainerItemProxy;
			containerPortal = 38728A601D0CC498001AFEBA /* Project object */;
			proxyType = 1;
			remoteGlobalIDString = 38728A671D0CC498001AFEBA;
			remoteInfo = JKProgressPercentageCounter;
		};
/* End PBXContainerItemProxy section */

/* Begin PBXFileReference section */
		38728A681D0CC498001AFEBA /* JKProgressPercentageCounter.app */ = {isa = PBXFileReference; explicitFileType = wrapper.application; includeInIndex = 0; path = JKProgressPercentageCounter.app; sourceTree = BUILT_PRODUCTS_DIR; };
		38728A6B1D0CC498001AFEBA /* AppDelegate.swift */ = {isa = PBXFileReference; lastKnownFileType = sourcecode.swift; path = AppDelegate.swift; sourceTree = "<group>"; };
		38728A6D1D0CC498001AFEBA /* ViewController.swift */ = {isa = PBXFileReference; lastKnownFileType = sourcecode.swift; path = ViewController.swift; sourceTree = "<group>"; };
		38728A701D0CC498001AFEBA /* Base */ = {isa = PBXFileReference; lastKnownFileType = file.storyboard; name = Base; path = Base.lproj/Main.storyboard; sourceTree = "<group>"; };
		38728A721D0CC498001AFEBA /* Assets.xcassets */ = {isa = PBXFileReference; lastKnownFileType = folder.assetcatalog; path = Assets.xcassets; sourceTree = "<group>"; };
		38728A751D0CC498001AFEBA /* Base */ = {isa = PBXFileReference; lastKnownFileType = file.storyboard; name = Base; path = Base.lproj/LaunchScreen.storyboard; sourceTree = "<group>"; };
		38728A771D0CC498001AFEBA /* Info.plist */ = {isa = PBXFileReference; lastKnownFileType = text.plist.xml; path = Info.plist; sourceTree = "<group>"; };
		38728A7C1D0CC498001AFEBA /* JKProgressPercentageCounterTests.xctest */ = {isa = PBXFileReference; explicitFileType = wrapper.cfbundle; includeInIndex = 0; path = JKProgressPercentageCounterTests.xctest; sourceTree = BUILT_PRODUCTS_DIR; };
		38728A801D0CC498001AFEBA /* JKProgressPercentageCounterTests.swift */ = {isa = PBXFileReference; lastKnownFileType = sourcecode.swift; path = JKProgressPercentageCounterTests.swift; sourceTree = "<group>"; };
		38728A821D0CC498001AFEBA /* Info.plist */ = {isa = PBXFileReference; lastKnownFileType = text.plist.xml; path = Info.plist; sourceTree = "<group>"; };
		38728A8C1D0CC4CD001AFEBA /* JKProgressPercentageCounterView.swift */ = {isa = PBXFileReference; fileEncoding = 4; lastKnownFileType = sourcecode.swift; path = JKProgressPercentageCounterView.swift; sourceTree = "<group>"; };
		38728A8E1D0CC56F001AFEBA /* JKProgressPercentageEnums.swift */ = {isa = PBXFileReference; fileEncoding = 4; lastKnownFileType = sourcecode.swift; path = JKProgressPercentageEnums.swift; sourceTree = "<group>"; };
/* End PBXFileReference section */

/* Begin PBXFrameworksBuildPhase section */
		38728A651D0CC498001AFEBA /* Frameworks */ = {
			isa = PBXFrameworksBuildPhase;
			buildActionMask = 2147483647;
			files = (
			);
			runOnlyForDeploymentPostprocessing = 0;
		};
		38728A791D0CC498001AFEBA /* Frameworks */ = {
			isa = PBXFrameworksBuildPhase;
			buildActionMask = 2147483647;
			files = (
			);
			runOnlyForDeploymentPostprocessing = 0;
		};
/* End PBXFrameworksBuildPhase section */

/* Begin PBXGroup section */
		38728A5F1D0CC498001AFEBA = {
			isa = PBXGroup;
			children = (
				38728A6A1D0CC498001AFEBA /* JKProgressPercentageCounter */,
				38728A7F1D0CC498001AFEBA /* JKProgressPercentageCounterTests */,
				38728A691D0CC498001AFEBA /* Products */,
			);
			sourceTree = "<group>";
		};
		38728A691D0CC498001AFEBA /* Products */ = {
			isa = PBXGroup;
			children = (
				38728A681D0CC498001AFEBA /* JKProgressPercentageCounter.app */,
				38728A7C1D0CC498001AFEBA /* JKProgressPercentageCounterTests.xctest */,
			);
			name = Products;
			sourceTree = "<group>";
		};
		38728A6A1D0CC498001AFEBA /* JKProgressPercentageCounter */ = {
			isa = PBXGroup;
			children = (
				38728A8B1D0CC49F001AFEBA /* Library */,
				38728A901D0D09D8001AFEBA /* Demo */,
				38728A6B1D0CC498001AFEBA /* AppDelegate.swift */,
				38728A721D0CC498001AFEBA /* Assets.xcassets */,
				38728A771D0CC498001AFEBA /* Info.plist */,
				38728A741D0CC498001AFEBA /* LaunchScreen.storyboard */,
			);
			path = JKProgressPercentageCounter;
			sourceTree = "<group>";
		};
		38728A7F1D0CC498001AFEBA /* JKProgressPercentageCounterTests */ = {
			isa = PBXGroup;
			children = (
				38728A821D0CC498001AFEBA /* Info.plist */,
				38728A801D0CC498001AFEBA /* JKProgressPercentageCounterTests.swift */,
			);
			path = JKProgressPercentageCounterTests;
			sourceTree = "<group>";
		};
		38728A8B1D0CC49F001AFEBA /* Library */ = {
			isa = PBXGroup;
			children = (
				38728A8C1D0CC4CD001AFEBA /* JKProgressPercentageCounterView.swift */,
				38728A8E1D0CC56F001AFEBA /* JKProgressPercentageEnums.swift */,
			);
			path = Library;
			sourceTree = "<group>";
		};
		38728A901D0D09D8001AFEBA /* Demo */ = {
			isa = PBXGroup;
			children = (
				38728A6F1D0CC498001AFEBA /* Main.storyboard */,
				38728A6D1D0CC498001AFEBA /* ViewController.swift */,
			);
			path = Demo;
			sourceTree = "<group>";
		};
/* End PBXGroup section */

/* Begin PBXNativeTarget section */
		38728A671D0CC498001AFEBA /* JKProgressPercentageCounter */ = {
			isa = PBXNativeTarget;
			buildConfigurationList = 38728A851D0CC498001AFEBA /* Build configuration list for PBXNativeTarget "JKProgressPercentageCounter" */;
			buildPhases = (
				38728A641D0CC498001AFEBA /* Sources */,
				38728A651D0CC498001AFEBA /* Frameworks */,
				38728A661D0CC498001AFEBA /* Resources */,
			);
			buildRules = (
			);
			dependencies = (
			);
			name = JKProgressPercentageCounter;
			productName = JKProgressPercentageCounter;
			productReference = 38728A681D0CC498001AFEBA /* JKProgressPercentageCounter.app */;
			productType = "com.apple.product-type.application";
		};
		38728A7B1D0CC498001AFEBA /* JKProgressPercentageCounterTests */ = {
			isa = PBXNativeTarget;
			buildConfigurationList = 38728A881D0CC498001AFEBA /* Build configuration list for PBXNativeTarget "JKProgressPercentageCounterTests" */;
			buildPhases = (
				38728A781D0CC498001AFEBA /* Sources */,
				38728A791D0CC498001AFEBA /* Frameworks */,
				38728A7A1D0CC498001AFEBA /* Resources */,
			);
			buildRules = (
			);
			dependencies = (
				38728A7E1D0CC498001AFEBA /* PBXTargetDependency */,
			);
			name = JKProgressPercentageCounterTests;
			productName = JKProgressPercentageCounterTests;
			productReference = 38728A7C1D0CC498001AFEBA /* JKProgressPercentageCounterTests.xctest */;
			productType = "com.apple.product-type.bundle.unit-test";
		};
/* End PBXNativeTarget section */

/* Begin PBXProject section */
		38728A601D0CC498001AFEBA /* Project object */ = {
			isa = PBXProject;
			attributes = {
				LastSwiftUpdateCheck = 0730;
				LastUpgradeCheck = 0730;
				ORGANIZATIONNAME = "Jayesh Kawli Backup";
				TargetAttributes = {
					38728A671D0CC498001AFEBA = {
						CreatedOnToolsVersion = 7.3.1;
					};
					38728A7B1D0CC498001AFEBA = {
						CreatedOnToolsVersion = 7.3.1;
						TestTargetID = 38728A671D0CC498001AFEBA;
					};
				};
			};
			buildConfigurationList = 38728A631D0CC498001AFEBA /* Build configuration list for PBXProject "JKProgressPercentageCounter" */;
			compatibilityVersion = "Xcode 3.2";
			developmentRegion = English;
			hasScannedForEncodings = 0;
			knownRegions = (
				en,
				Base,
			);
			mainGroup = 38728A5F1D0CC498001AFEBA;
			productRefGroup = 38728A691D0CC498001AFEBA /* Products */;
			projectDirPath = "";
			projectRoot = "";
			targets = (
				38728A671D0CC498001AFEBA /* JKProgressPercentageCounter */,
				38728A7B1D0CC498001AFEBA /* JKProgressPercentageCounterTests */,
			);
		};
/* End PBXProject section */

/* Begin PBXResourcesBuildPhase section */
		38728A661D0CC498001AFEBA /* Resources */ = {
			isa = PBXResourcesBuildPhase;
			buildActionMask = 2147483647;
			files = (
				38728A761D0CC498001AFEBA /* LaunchScreen.storyboard in Resources */,
				38728A731D0CC498001AFEBA /* Assets.xcassets in Resources */,
				38728A711D0CC498001AFEBA /* Main.storyboard in Resources */,
			);
			runOnlyForDeploymentPostprocessing = 0;
		};
		38728A7A1D0CC498001AFEBA /* Resources */ = {
			isa = PBXResourcesBuildPhase;
			buildActionMask = 2147483647;
			files = (
			);
			runOnlyForDeploymentPostprocessing = 0;
		};
/* End PBXResourcesBuildPhase section */

/* Begin PBXSourcesBuildPhase section */
		38728A641D0CC498001AFEBA /* Sources */ = {
			isa = PBXSourcesBuildPhase;
			buildActionMask = 2147483647;
			files = (
				38728A8D1D0CC4CD001AFEBA /* JKProgressPercentageCounterView.swift in Sources */,
				38728A6E1D0CC498001AFEBA /* ViewController.swift in Sources */,
				38728A8F1D0CC56F001AFEBA /* JKProgressPercentageEnums.swift in Sources */,
				38728A6C1D0CC498001AFEBA /* AppDelegate.swift in Sources */,
			);
			runOnlyForDeploymentPostprocessing = 0;
		};
		38728A781D0CC498001AFEBA /* Sources */ = {
			isa = PBXSourcesBuildPhase;
			buildActionMask = 2147483647;
			files = (
				38728A811D0CC498001AFEBA /* JKProgressPercentageCounterTests.swift in Sources */,
			);
			runOnlyForDeploymentPostprocessing = 0;
		};
/* End PBXSourcesBuildPhase section */

/* Begin PBXTargetDependency section */
		38728A7E1D0CC498001AFEBA /* PBXTargetDependency */ = {
			isa = PBXTargetDependency;
			target = 38728A671D0CC498001AFEBA /* JKProgressPercentageCounter */;
			targetProxy = 38728A7D1D0CC498001AFEBA /* PBXContainerItemProxy */;
		};
/* End PBXTargetDependency section */

/* Begin PBXVariantGroup section */
		38728A6F1D0CC498001AFEBA /* Main.storyboard */ = {
			isa = PBXVariantGroup;
			children = (
				38728A701D0CC498001AFEBA /* Base */,
			);
			name = Main.storyboard;
			path = .;
			sourceTree = "<group>";
		};
		38728A741D0CC498001AFEBA /* LaunchScreen.storyboard */ = {
			isa = PBXVariantGroup;
			children = (
				38728A751D0CC498001AFEBA /* Base */,
			);
			name = LaunchScreen.storyboard;
			path = .;
			sourceTree = "<group>";
		};
/* End PBXVariantGroup section */

/* Begin XCBuildConfiguration section */
		38728A831D0CC498001AFEBA /* Debug */ = {
			isa = XCBuildConfiguration;
			buildSettings = {
				ALWAYS_SEARCH_USER_PATHS = NO;
				CLANG_ANALYZER_NONNULL = YES;
				CLANG_CXX_LANGUAGE_STANDARD = "gnu++0x";
				CLANG_CXX_LIBRARY = "libc++";
				CLANG_ENABLE_MODULES = YES;
				CLANG_ENABLE_OBJC_ARC = YES;
				CLANG_WARN_BOOL_CONVERSION = YES;
				CLANG_WARN_CONSTANT_CONVERSION = YES;
				CLANG_WARN_DIRECT_OBJC_ISA_USAGE = YES_ERROR;
				CLANG_WARN_EMPTY_BODY = YES;
				CLANG_WARN_ENUM_CONVERSION = YES;
				CLANG_WARN_INT_CONVERSION = YES;
				CLANG_WARN_OBJC_ROOT_CLASS = YES_ERROR;
				CLANG_WARN_UNREACHABLE_CODE = YES;
				CLANG_WARN__DUPLICATE_METHOD_MATCH = YES;
				"CODE_SIGN_IDENTITY[sdk=iphoneos*]" = "iPhone Developer";
				COPY_PHASE_STRIP = NO;
				DEBUG_INFORMATION_FORMAT = dwarf;
				ENABLE_STRICT_OBJC_MSGSEND = YES;
				ENABLE_TESTABILITY = YES;
				GCC_C_LANGUAGE_STANDARD = gnu99;
				GCC_DYNAMIC_NO_PIC = NO;
				GCC_NO_COMMON_BLOCKS = YES;
				GCC_OPTIMIZATION_LEVEL = 0;
				GCC_PREPROCESSOR_DEFINITIONS = (
					"DEBUG=1",
					"$(inherited)",
				);
				GCC_WARN_64_TO_32_BIT_CONVERSION = YES;
				GCC_WARN_ABOUT_RETURN_TYPE = YES_ERROR;
				GCC_WARN_UNDECLARED_SELECTOR = YES;
				GCC_WARN_UNINITIALIZED_AUTOS = YES_AGGRESSIVE;
				GCC_WARN_UNUSED_FUNCTION = YES;
				GCC_WARN_UNUSED_VARIABLE = YES;
				IPHONEOS_DEPLOYMENT_TARGET = 9.3;
				MTL_ENABLE_DEBUG_INFO = YES;
				ONLY_ACTIVE_ARCH = YES;
				SDKROOT = iphoneos;
				SWIFT_OPTIMIZATION_LEVEL = "-Onone";
				TARGETED_DEVICE_FAMILY = "1,2";
			};
			name = Debug;
		};
		38728A841D0CC498001AFEBA /* Release */ = {
			isa = XCBuildConfiguration;
			buildSettings = {
				ALWAYS_SEARCH_USER_PATHS = NO;
				CLANG_ANALYZER_NONNULL = YES;
				CLANG_CXX_LANGUAGE_STANDARD = "gnu++0x";
				CLANG_CXX_LIBRARY = "libc++";
				CLANG_ENABLE_MODULES = YES;
				CLANG_ENABLE_OBJC_ARC = YES;
				CLANG_WARN_BOOL_CONVERSION = YES;
				CLANG_WARN_CONSTANT_CONVERSION = YES;
				CLANG_WARN_DIRECT_OBJC_ISA_USAGE = YES_ERROR;
				CLANG_WARN_EMPTY_BODY = YES;
				CLANG_WARN_ENUM_CONVERSION = YES;
				CLANG_WARN_INT_CONVERSION = YES;
				CLANG_WARN_OBJC_ROOT_CLASS = YES_ERROR;
				CLANG_WARN_UNREACHABLE_CODE = YES;
				CLANG_WARN__DUPLICATE_METHOD_MATCH = YES;
				"CODE_SIGN_IDENTITY[sdk=iphoneos*]" = "iPhone Developer";
				COPY_PHASE_STRIP = NO;
				DEBUG_INFORMATION_FORMAT = "dwarf-with-dsym";
				ENABLE_NS_ASSERTIONS = NO;
				ENABLE_STRICT_OBJC_MSGSEND = YES;
				GCC_C_LANGUAGE_STANDARD = gnu99;
				GCC_NO_COMMON_BLOCKS = YES;
				GCC_WARN_64_TO_32_BIT_CONVERSION = YES;
				GCC_WARN_ABOUT_RETURN_TYPE = YES_ERROR;
				GCC_WARN_UNDECLARED_SELECTOR = YES;
				GCC_WARN_UNINITIALIZED_AUTOS = YES_AGGRESSIVE;
				GCC_WARN_UNUSED_FUNCTION = YES;
				GCC_WARN_UNUSED_VARIABLE = YES;
				IPHONEOS_DEPLOYMENT_TARGET = 9.3;
				MTL_ENABLE_DEBUG_INFO = NO;
				SDKROOT = iphoneos;
				TARGETED_DEVICE_FAMILY = "1,2";
				VALIDATE_PRODUCT = YES;
			};
			name = Release;
		};
		38728A861D0CC498001AFEBA /* Debug */ = {
			isa = XCBuildConfiguration;
			buildSettings = {
				ASSETCATALOG_COMPILER_APPICON_NAME = AppIcon;
				INFOPLIST_FILE = JKProgressPercentageCounter/Info.plist;
				LD_RUNPATH_SEARCH_PATHS = "$(inherited) @executable_path/Frameworks";
				PRODUCT_BUNDLE_IDENTIFIER = com.jayeshKawli.JKProgressPercentageCounter;
				PRODUCT_NAME = "$(TARGET_NAME)";
			};
			name = Debug;
		};
		38728A871D0CC498001AFEBA /* Release */ = {
			isa = XCBuildConfiguration;
			buildSettings = {
				ASSETCATALOG_COMPILER_APPICON_NAME = AppIcon;
				INFOPLIST_FILE = JKProgressPercentageCounter/Info.plist;
				LD_RUNPATH_SEARCH_PATHS = "$(inherited) @executable_path/Frameworks";
				PRODUCT_BUNDLE_IDENTIFIER = com.jayeshKawli.JKProgressPercentageCounter;
				PRODUCT_NAME = "$(TARGET_NAME)";
			};
			name = Release;
		};
		38728A891D0CC498001AFEBA /* Debug */ = {
			isa = XCBuildConfiguration;
			buildSettings = {
				BUNDLE_LOADER = "$(TEST_HOST)";
				INFOPLIST_FILE = JKProgressPercentageCounterTests/Info.plist;
				LD_RUNPATH_SEARCH_PATHS = "$(inherited) @executable_path/Frameworks @loader_path/Frameworks";
				PRODUCT_BUNDLE_IDENTIFIER = com.jayeshKawli.JKProgressPercentageCounterTests;
				PRODUCT_NAME = "$(TARGET_NAME)";
				TEST_HOST = "$(BUILT_PRODUCTS_DIR)/JKProgressPercentageCounter.app/JKProgressPercentageCounter";
			};
			name = Debug;
		};
		38728A8A1D0CC498001AFEBA /* Release */ = {
			isa = XCBuildConfiguration;
			buildSettings = {
				BUNDLE_LOADER = "$(TEST_HOST)";
				INFOPLIST_FILE = JKProgressPercentageCounterTests/Info.plist;
				LD_RUNPATH_SEARCH_PATHS = "$(inherited) @executable_path/Frameworks @loader_path/Frameworks";
				PRODUCT_BUNDLE_IDENTIFIER = com.jayeshKawli.JKProgressPercentageCounterTests;
				PRODUCT_NAME = "$(TARGET_NAME)";
				TEST_HOST = "$(BUILT_PRODUCTS_DIR)/JKProgressPercentageCounter.app/JKProgressPercentageCounter";
			};
			name = Release;
		};
/* End XCBuildConfiguration section */

/* Begin XCConfigurationList section */
		38728A631D0CC498001AFEBA /* Build configuration list for PBXProject "JKProgressPercentageCounter" */ = {
			isa = XCConfigurationList;
			buildConfigurations = (
				38728A831D0CC498001AFEBA /* Debug */,
				38728A841D0CC498001AFEBA /* Release */,
			);
			defaultConfigurationIsVisible = 0;
			defaultConfigurationName = Release;
		};
		38728A851D0CC498001AFEBA /* Build configuration list for PBXNativeTarget "JKProgressPercentageCounter" */ = {
			isa = XCConfigurationList;
			buildConfigurations = (
				38728A861D0CC498001AFEBA /* Debug */,
				38728A871D0CC498001AFEBA /* Release */,
			);
			defaultConfigurationIsVisible = 0;
			defaultConfigurationName = Release;
		};
		38728A881D0CC498001AFEBA /* Build configuration list for PBXNativeTarget "JKProgressPercentageCounterTests" */ = {
			isa = XCConfigurationList;
			buildConfigurations = (
				38728A891D0CC498001AFEBA /* Debug */,
				38728A8A1D0CC498001AFEBA /* Release */,
			);
			defaultConfigurationIsVisible = 0;
			defaultConfigurationName = Release;
		};
/* End XCConfigurationList section */
	};
	rootObject = 38728A601D0CC498001AFEBA /* Project object */;
}
